{
  "name": "wx-render",
  "version": "1.0.0",
  "lockfileVersion": 1,
  "requires": true,
  "dependencies": {
    "install": {
      "version": "0.10.1",
      "resolved": "https://registry.npmjs.org/install/-/install-0.10.1.tgz",
      "integrity": "sha1-HHtTyN1zNe9TTCZI3ij1md8b3Zc="
    },
    "simple-uploader.js": {
      "version": "0.1.0",
      "resolved": "https://registry.npmjs.org/simple-uploader.js/-/simple-uploader.js-0.1.0.tgz",
      "integrity": "sha1-MgrT5Y2w9x+ue10/ljfKZzujZ00="
    },
    "vue-simple-uploader": {
      "version": "0.1.0",
      "resolved": "https://registry.npmjs.org/vue-simple-uploader/-/vue-simple-uploader-0.1.0.tgz",
      "integrity": "sha1-xgw7DNxYTCrI45B+vNNyXfccHms=",
      "requires": {
        "simple-uploader.js": "0.1.0"
      }
    }
  }
}
